
Microsoft Visual Studio Solution File, Format Version 12.00
# Visual Studio Version 16
VisualStudioVersion = 16.0.31025.194
MinimumVisualStudioVersion = 10.0.40219.1
Project("{FAE04EC0-301F-11D3-BF4B-00C04F79EFBC}") = "FBTarjeta", "FBTarjeta\FBTarjeta.csproj", "{A7E3EBC5-459B-4A10-AA4E-C12701209E0C}"
EndProject
Global
	GlobalSection(SolutionConfigurationPlatforms) = preSolution
		Debug|Any CPU = Debug|Any CPU
		Release|Any CPU = Release|Any CPU
	EndGlobalSection
	GlobalSection(ProjectConfigurationPlatforms) = postSolution
		{A7E3EBC5-459B-4A10-AA4E-C12701209E0C}.Debug|Any CPU.ActiveCfg = Debug|Any CPU
		{A7E3EBC5-459B-4A10-AA4E-C12701209E0C}.Debug|Any CPU.Build.0 = Debug|Any CPU
		{A7E3EBC5-459B-4A10-AA4E-C12701209E0C}.Release|Any CPU.ActiveCfg = Release|Any CPU
		{A7E3EBC5-459B-4A10-AA4E-C12701209E0C}.Release|Any CPU.Build.0 = Release|Any CPU
	EndGlobalSection
	GlobalSection(SolutionProperties) = preSolution
		HideSolutionNode = FALSE
	EndGlobalSection
	GlobalSection(ExtensibilityGlobals) = postSolution
		SolutionGuid = {8231EDB2-CFAD-447D-BAAE-7EA759AC2097}
	EndGlobalSection
EndGlobal
